
Microsoft Visual Studio Solution File, Format Version 12.00
# Visual Studio 14
VisualStudioVersion = 14.0.25123.0
MinimumVisualStudioVersion = 10.0.40219.1
Project("{FAE04EC0-301F-11D3-BF4B-00C04F79EFBC}") = "TheatreBookingSystem", "TheatreBookingSystem\TheatreBookingSystem.csproj", "{F263ABB3-1A20-42A3-9FF0-0AB99D16CA50}"
EndProject
Project("{FAE04EC0-301F-11D3-BF4B-00C04F79EFBC}") = "TheatreTests", "TheatreTests\TheatreTests.csproj", "{AAFCEAC7-F85B-48AA-8ADB-8250F7B7A714}"
EndProject
Global
	GlobalSection(SolutionConfigurationPlatforms) = preSolution
		Debug|Any CPU = Debug|Any CPU
		Release|Any CPU = Release|Any CPU
	EndGlobalSection
	GlobalSection(ProjectConfigurationPlatforms) = postSolution
		{F263ABB3-1A20-42A3-9FF0-0AB99D16CA50}.Debug|Any CPU.ActiveCfg = Debug|Any CPU
		{F263ABB3-1A20-42A3-9FF0-0AB99D16CA50}.Debug|Any CPU.Build.0 = Debug|Any CPU
		{F263ABB3-1A20-42A3-9FF0-0AB99D16CA50}.Release|Any CPU.ActiveCfg = Release|Any CPU
		{F263ABB3-1A20-42A3-9FF0-0AB99D16CA50}.Release|Any CPU.Build.0 = Release|Any CPU
		{AAFCEAC7-F85B-48AA-8ADB-8250F7B7A714}.Debug|Any CPU.ActiveCfg = Debug|Any CPU
		{AAFCEAC7-F85B-48AA-8ADB-8250F7B7A714}.Debug|Any CPU.Build.0 = Debug|Any CPU
		{AAFCEAC7-F85B-48AA-8ADB-8250F7B7A714}.Release|Any CPU.ActiveCfg = Release|Any CPU
		{AAFCEAC7-F85B-48AA-8ADB-8250F7B7A714}.Release|Any CPU.Build.0 = Release|Any CPU
	EndGlobalSection
	GlobalSection(SolutionProperties) = preSolution
		HideSolutionNode = FALSE
	EndGlobalSection
EndGlobal
